dependencies:
- name: postgresql
  repository: oci://registry-1.docker.io/bitnamicharts
  version: 16.7.27
- name: redis
  repository: oci://registry-1.docker.io/bitnamicharts
  version: 20.13.4
- name: replicated
  repository: oci://registry.replicated.com/library
  version: 1.19.3
digest: sha256:08511cd67e81e9d575789636663f9ba9bca4684870b30c482e15ecd4b61cf7a7
generated: "2026-05-08T15:25:30.845744-05:00"
