dependencies:
- name: postgresql
  repository: oci://registry-1.docker.io/bitnamicharts
  version: 16.7.27
- name: redis
  repository: oci://registry-1.docker.io/bitnamicharts
  version: 20.13.4
digest: sha256:591a11314189d03f7e7367dd2baf65fef65e41c9bd8f8bee8ad70ea4f6d86d6e
generated: "2026-05-07T15:40:02.923911-05:00"
