dependencies:
- name: postgresql
  repository: oci://registry-1.docker.io/bitnamicharts
  version: 16.7.27
- name: redis
  repository: oci://registry-1.docker.io/bitnamicharts
  version: 20.13.4
- name: replicated
  repository: oci://registry.replicated.com/library
  version: 1.19.4
digest: sha256:803c2a3f8b05a57dfaf90ec91f366f5763d261c8344d795d26343eb980884753
generated: "2026-05-18T16:22:47.846192-05:00"
